
Microsoft Visual Studio Solution File, Format Version 12.00
# Visual Studio Version 17
VisualStudioVersion = 17.9.34728.123
MinimumVisualStudioVersion = 10.0.40219.1
Project("{9A19103F-16F7-4668-BE54-9A1E7A4F7556}") = "oop3", "oop3.csproj", "{169142A9-716C-4FC5-9376-DB632595D76D}"
EndProject
Project("{2150E333-8FDC-42A3-9474-1A3956D46DE8}") = "Data", "Data", "{FE80EF8C-ABEF-4284-B8E4-9FB498BD1C10}"
	ProjectSection(SolutionItems) = preProject
		ApplicationDbContext.cs = ApplicationDbContext.cs
	EndProjectSection
EndProject
Global
	GlobalSection(SolutionConfigurationPlatforms) = preSolution
		Debug|Any CPU = Debug|Any CPU
		Release|Any CPU = Release|Any CPU
	EndGlobalSection
	GlobalSection(ProjectConfigurationPlatforms) = postSolution
		{169142A9-716C-4FC5-9376-DB632595D76D}.Debug|Any CPU.ActiveCfg = Debug|Any CPU
		{169142A9-716C-4FC5-9376-DB632595D76D}.Debug|Any CPU.Build.0 = Debug|Any CPU
		{169142A9-716C-4FC5-9376-DB632595D76D}.Release|Any CPU.ActiveCfg = Release|Any CPU
		{169142A9-716C-4FC5-9376-DB632595D76D}.Release|Any CPU.Build.0 = Release|Any CPU
	EndGlobalSection
	GlobalSection(SolutionProperties) = preSolution
		HideSolutionNode = FALSE
	EndGlobalSection
	GlobalSection(ExtensibilityGlobals) = postSolution
		SolutionGuid = {2E75F91E-0570-4AD9-9F52-E4A7DDC29252}
	EndGlobalSection
EndGlobal
