
Microsoft Visual Studio Solution File, Format Version 12.00
# Visual Studio Version 17
VisualStudioVersion = 17.4.33403.182
MinimumVisualStudioVersion = 10.0.40219.1
Project("{FAE04EC0-301F-11D3-BF4B-00C04F79EFBC}") = "oop1.2", "oop1.2.csproj", "{A82DAEFD-D583-41FE-A5A1-4D3D2F70D5F8}"
EndProject
Global
	GlobalSection(SolutionConfigurationPlatforms) = preSolution
		Debug|Any CPU = Debug|Any CPU
		Release|Any CPU = Release|Any CPU
	EndGlobalSection
	GlobalSection(ProjectConfigurationPlatforms) = postSolution
		{A82DAEFD-D583-41FE-A5A1-4D3D2F70D5F8}.Debug|Any CPU.ActiveCfg = Debug|Any CPU
		{A82DAEFD-D583-41FE-A5A1-4D3D2F70D5F8}.Debug|Any CPU.Build.0 = Debug|Any CPU
		{A82DAEFD-D583-41FE-A5A1-4D3D2F70D5F8}.Release|Any CPU.ActiveCfg = Release|Any CPU
		{A82DAEFD-D583-41FE-A5A1-4D3D2F70D5F8}.Release|Any CPU.Build.0 = Release|Any CPU
	EndGlobalSection
	GlobalSection(SolutionProperties) = preSolution
		HideSolutionNode = FALSE
	EndGlobalSection
	GlobalSection(ExtensibilityGlobals) = postSolution
		SolutionGuid = {D8A3C6B2-CF3A-405C-BCA1-FC79BE0A20CB}
	EndGlobalSection
EndGlobal
